
Microsoft Visual Studio Solution File, Format Version 12.00
# Visual Studio Version 17
VisualStudioVersion = 17.4.32916.344
MinimumVisualStudioVersion = 10.0.40219.1
Project("{FAE04EC0-301F-11D3-BF4B-00C04F79EFBC}") = "Prog_124_W23_Lecture_7", "Prog_124_W23_Lecture_7.csproj", "{47D1F298-7053-4188-9770-18F97CA7BA98}"
EndProject
Global
	GlobalSection(SolutionConfigurationPlatforms) = preSolution
		Debug|Any CPU = Debug|Any CPU
		Release|Any CPU = Release|Any CPU
	EndGlobalSection
	GlobalSection(ProjectConfigurationPlatforms) = postSolution
		{47D1F298-7053-4188-9770-18F97CA7BA98}.Debug|Any CPU.ActiveCfg = Debug|Any CPU
		{47D1F298-7053-4188-9770-18F97CA7BA98}.Debug|Any CPU.Build.0 = Debug|Any CPU
		{47D1F298-7053-4188-9770-18F97CA7BA98}.Release|Any CPU.ActiveCfg = Release|Any CPU
		{47D1F298-7053-4188-9770-18F97CA7BA98}.Release|Any CPU.Build.0 = Release|Any CPU
	EndGlobalSection
	GlobalSection(SolutionProperties) = preSolution
		HideSolutionNode = FALSE
	EndGlobalSection
	GlobalSection(ExtensibilityGlobals) = postSolution
		SolutionGuid = {F67A5940-0051-4C7C-BFEF-70917690CE85}
	EndGlobalSection
EndGlobal
